// !$*UTF8*$!
{
	archiveVersion = 1;
	classes = {
	};
	objectVersion = 56;
	objects = {

/* Begin PBXBuildFile section */
		B24D8A542943EDD30065DB11 /* Webservice.swift in Sources */ = {isa = PBXBuildFile; fileRef = B24D8A532943EDD30065DB11 /* Webservice.swift */; };
		B24D8A562943FD7E0065DB11 /* Account.swift in Sources */ = {isa = PBXBuildFile; fileRef = B24D8A552943FD7E0065DB11 /* Account.swift */; };
		B24D8A582946660C0065DB11 /* AccountListViewModel.swift in Sources */ = {isa = PBXBuildFile; fileRef = B24D8A572946660C0065DB11 /* AccountListViewModel.swift */; };
		B25BABB52977C32800B21021 /* EditUserView.swift in Sources */ = {isa = PBXBuildFile; fileRef = B25BABB42977C32800B21021 /* EditUserView.swift */; };
		B25BAC12298081D600B21021 /* UserType.swift in Sources */ = {isa = PBXBuildFile; fileRef = B25BAC11298081D500B21021 /* UserType.swift */; };
		B2B1D07D295E2BDC00572024 /* LoginRequestBody.swift in Sources */ = {isa = PBXBuildFile; fileRef = B2B1D07C295E2BDC00572024 /* LoginRequestBody.swift */; };
		B2B1D080295E2C9C00572024 /* URL+Extensions.swift in Sources */ = {isa = PBXBuildFile; fileRef = B2B1D07F295E2C9C00572024 /* URL+Extensions.swift */; };
		B2B1D082295E303900572024 /* HTTPClient.swift in Sources */ = {isa = PBXBuildFile; fileRef = B2B1D081295E303900572024 /* HTTPClient.swift */; };
		B2B1D084295E87A500572024 /* UserModel.swift in Sources */ = {isa = PBXBuildFile; fileRef = B2B1D083295E87A500572024 /* UserModel.swift */; };
		B2B1D086295E87B200572024 /* User.swift in Sources */ = {isa = PBXBuildFile; fileRef = B2B1D085295E87B200572024 /* User.swift */; };
		B2B1D088296370F500572024 /* LoginResponse.swift in Sources */ = {isa = PBXBuildFile; fileRef = B2B1D087296370F500572024 /* LoginResponse.swift */; };
		B2B1D0A62964ECAE00572024 /* UserDetailView.swift in Sources */ = {isa = PBXBuildFile; fileRef = B2B1D0A52964ECAE00572024 /* UserDetailView.swift */; };
		B2B1D0A82964F7F200572024 /* AddUserView.swift in Sources */ = {isa = PBXBuildFile; fileRef = B2B1D0A72964F7F200572024 /* AddUserView.swift */; };
		B2B1D0AA296513FF00572024 /* CreateUserRequest.swift in Sources */ = {isa = PBXBuildFile; fileRef = B2B1D0A9296513FF00572024 /* CreateUserRequest.swift */; };
		B2B1D0B0296D181800572024 /* Date+Extensions.swift in Sources */ = {isa = PBXBuildFile; fileRef = B2B1D0AF296D181800572024 /* Date+Extensions.swift */; };
		B2B1D0B2296D281D00572024 /* UserListView.swift in Sources */ = {isa = PBXBuildFile; fileRef = B2B1D0B1296D281D00572024 /* UserListView.swift */; };
		B2F243FB293BB23A00DBF1E6 /* BankingAppApp.swift in Sources */ = {isa = PBXBuildFile; fileRef = B2F243FA293BB23A00DBF1E6 /* BankingAppApp.swift */; };
		B2F243FD293BB23A00DBF1E6 /* ContentView.swift in Sources */ = {isa = PBXBuildFile; fileRef = B2F243FC293BB23A00DBF1E6 /* ContentView.swift */; };
		B2F243FF293BB23B00DBF1E6 /* Assets.xcassets in Resources */ = {isa = PBXBuildFile; fileRef = B2F243FE293BB23B00DBF1E6 /* Assets.xcassets */; };
		B2F24402293BB23B00DBF1E6 /* Preview Assets.xcassets in Resources */ = {isa = PBXBuildFile; fileRef = B2F24401293BB23B00DBF1E6 /* Preview Assets.xcassets */; };
		B2F2440C293BB2B200DBF1E6 /* MainView.swift in Sources */ = {isa = PBXBuildFile; fileRef = B2F2440B293BB2B200DBF1E6 /* MainView.swift */; };
		B2F2440E293BB2C400DBF1E6 /* HomeView.swift in Sources */ = {isa = PBXBuildFile; fileRef = B2F2440D293BB2C400DBF1E6 /* HomeView.swift */; };
		B2F24410293BB2D200DBF1E6 /* CompanyView.swift in Sources */ = {isa = PBXBuildFile; fileRef = B2F2440F293BB2D200DBF1E6 /* CompanyView.swift */; };
		B2F24412293BB2DB00DBF1E6 /* MapView.swift in Sources */ = {isa = PBXBuildFile; fileRef = B2F24411293BB2DB00DBF1E6 /* MapView.swift */; };
		B2F24414293BB2EC00DBF1E6 /* SettingsView.swift in Sources */ = {isa = PBXBuildFile; fileRef = B2F24413293BB2EC00DBF1E6 /* SettingsView.swift */; };
		B2F24416293FA92800DBF1E6 /* MapViewModel.swift in Sources */ = {isa = PBXBuildFile; fileRef = B2F24415293FA92800DBF1E6 /* MapViewModel.swift */; };
		B2F2441C2940FA2E00DBF1E6 /* LoginView.swift in Sources */ = {isa = PBXBuildFile; fileRef = B2F2441B2940FA2E00DBF1E6 /* LoginView.swift */; };
		B2F2441E2940FBA200DBF1E6 /* LoginViewModel.swift in Sources */ = {isa = PBXBuildFile; fileRef = B2F2441D2940FBA200DBF1E6 /* LoginViewModel.swift */; };
/* End PBXBuildFile section */

/* Begin PBXFileReference section */
		B24D8A532943EDD30065DB11 /* Webservice.swift */ = {isa = PBXFileReference; lastKnownFileType = sourcecode.swift; path = Webservice.swift; sourceTree = "<group>"; };
		B24D8A552943FD7E0065DB11 /* Account.swift */ = {isa = PBXFileReference; lastKnownFileType = sourcecode.swift; path = Account.swift; sourceTree = "<group>"; };
		B24D8A572946660C0065DB11 /* AccountListViewModel.swift */ = {isa = PBXFileReference; lastKnownFileType = sourcecode.swift; path = AccountListViewModel.swift; sourceTree = "<group>"; };
		B25BABB42977C32800B21021 /* EditUserView.swift */ = {isa = PBXFileReference; lastKnownFileType = sourcecode.swift; path = EditUserView.swift; sourceTree = "<group>"; };
		B25BAC11298081D500B21021 /* UserType.swift */ = {isa = PBXFileReference; lastKnownFileType = sourcecode.swift; path = UserType.swift; sourceTree = "<group>"; };
		B2B1D07C295E2BDC00572024 /* LoginRequestBody.swift */ = {isa = PBXFileReference; lastKnownFileType = sourcecode.swift; path = LoginRequestBody.swift; sourceTree = "<group>"; };
		B2B1D07F295E2C9C00572024 /* URL+Extensions.swift */ = {isa = PBXFileReference; lastKnownFileType = sourcecode.swift; path = "URL+Extensions.swift"; sourceTree = "<group>"; };
		B2B1D081295E303900572024 /* HTTPClient.swift */ = {isa = PBXFileReference; lastKnownFileType = sourcecode.swift; path = HTTPClient.swift; sourceTree = "<group>"; };
		B2B1D083295E87A500572024 /* UserModel.swift */ = {isa = PBXFileReference; lastKnownFileType = sourcecode.swift; path = UserModel.swift; sourceTree = "<group>"; };
		B2B1D085295E87B200572024 /* User.swift */ = {isa = PBXFileReference; lastKnownFileType = sourcecode.swift; path = User.swift; sourceTree = "<group>"; };
		B2B1D087296370F500572024 /* LoginResponse.swift */ = {isa = PBXFileReference; lastKnownFileType = sourcecode.swift; path = LoginResponse.swift; sourceTree = "<group>"; };
		B2B1D0A52964ECAE00572024 /* UserDetailView.swift */ = {isa = PBXFileReference; lastKnownFileType = sourcecode.swift; path = UserDetailView.swift; sourceTree = "<group>"; };
		B2B1D0A72964F7F200572024 /* AddUserView.swift */ = {isa = PBXFileReference; lastKnownFileType = sourcecode.swift; path = AddUserView.swift; sourceTree = "<group>"; };
		B2B1D0A9296513FF00572024 /* CreateUserRequest.swift */ = {isa = PBXFileReference; lastKnownFileType = sourcecode.swift; path = CreateUserRequest.swift; sourceTree = "<group>"; };
		B2B1D0AF296D181800572024 /* Date+Extensions.swift */ = {isa = PBXFileReference; lastKnownFileType = sourcecode.swift; path = "Date+Extensions.swift"; sourceTree = "<group>"; };
		B2B1D0B1296D281D00572024 /* UserListView.swift */ = {isa = PBXFileReference; lastKnownFileType = sourcecode.swift; path = UserListView.swift; sourceTree = "<group>"; };
		B2F243F7293BB23A00DBF1E6 /* BankingApp.app */ = {isa = PBXFileReference; explicitFileType = wrapper.application; includeInIndex = 0; path = BankingApp.app; sourceTree = BUILT_PRODUCTS_DIR; };
		B2F243FA293BB23A00DBF1E6 /* BankingAppApp.swift */ = {isa = PBXFileReference; lastKnownFileType = sourcecode.swift; path = BankingAppApp.swift; sourceTree = "<group>"; };
		B2F243FC293BB23A00DBF1E6 /* ContentView.swift */ = {isa = PBXFileReference; lastKnownFileType = sourcecode.swift; path = ContentView.swift; sourceTree = "<group>"; };
		B2F243FE293BB23B00DBF1E6 /* Assets.xcassets */ = {isa = PBXFileReference; lastKnownFileType = folder.assetcatalog; path = Assets.xcassets; sourceTree = "<group>"; };
		B2F24401293BB23B00DBF1E6 /* Preview Assets.xcassets */ = {isa = PBXFileReference; lastKnownFileType = folder.assetcatalog; path = "Preview Assets.xcassets"; sourceTree = "<group>"; };
		B2F2440B293BB2B200DBF1E6 /* MainView.swift */ = {isa = PBXFileReference; lastKnownFileType = sourcecode.swift; path = MainView.swift; sourceTree = "<group>"; };
		B2F2440D293BB2C400DBF1E6 /* HomeView.swift */ = {isa = PBXFileReference; lastKnownFileType = sourcecode.swift; path = HomeView.swift; sourceTree = "<group>"; };
		B2F2440F293BB2D200DBF1E6 /* CompanyView.swift */ = {isa = PBXFileReference; lastKnownFileType = sourcecode.swift; path = CompanyView.swift; sourceTree = "<group>"; };
		B2F24411293BB2DB00DBF1E6 /* MapView.swift */ = {isa = PBXFileReference; lastKnownFileType = sourcecode.swift; path = MapView.swift; sourceTree = "<group>"; };
		B2F24413293BB2EC00DBF1E6 /* SettingsView.swift */ = {isa = PBXFileReference; lastKnownFileType = sourcecode.swift; path = SettingsView.swift; sourceTree = "<group>"; };
		B2F24415293FA92800DBF1E6 /* MapViewModel.swift */ = {isa = PBXFileReference; lastKnownFileType = sourcecode.swift; path = MapViewModel.swift; sourceTree = "<group>"; };
		B2F2441B2940FA2E00DBF1E6 /* LoginView.swift */ = {isa = PBXFileReference; lastKnownFileType = sourcecode.swift; path = LoginView.swift; sourceTree = "<group>"; };
		B2F2441D2940FBA200DBF1E6 /* LoginViewModel.swift */ = {isa = PBXFileReference; lastKnownFileType = sourcecode.swift; path = LoginViewModel.swift; sourceTree = "<group>"; };
/* End PBXFileReference section */

/* Begin PBXFrameworksBuildPhase section */
		B2F243F4293BB23A00DBF1E6 /* Frameworks */ = {
			isa = PBXFrameworksBuildPhase;
			buildActionMask = 2147483647;
			files = (
			);
			runOnlyForDeploymentPostprocessing = 0;
		};
/* End PBXFrameworksBuildPhase section */

/* Begin PBXGroup section */
		B24D8A522943EDC30065DB11 /* Services */ = {
			isa = PBXGroup;
			children = (
				B24D8A532943EDD30065DB11 /* Webservice.swift */,
				B2B1D081295E303900572024 /* HTTPClient.swift */,
			);
			path = Services;
			sourceTree = "<group>";
		};
		B2B1D07E295E2C5D00572024 /* Extensions */ = {
			isa = PBXGroup;
			children = (
				B2B1D07F295E2C9C00572024 /* URL+Extensions.swift */,
				B2B1D0AF296D181800572024 /* Date+Extensions.swift */,
			);
			path = Extensions;
			sourceTree = "<group>";
		};
		B2F243EE293BB23A00DBF1E6 = {
			isa = PBXGroup;
			children = (
				B2F243F9293BB23A00DBF1E6 /* BankingApp */,
				B2F243F8293BB23A00DBF1E6 /* Products */,
			);
			sourceTree = "<group>";
		};
		B2F243F8293BB23A00DBF1E6 /* Products */ = {
			isa = PBXGroup;
			children = (
				B2F243F7293BB23A00DBF1E6 /* BankingApp.app */,
			);
			name = Products;
			sourceTree = "<group>";
		};
		B2F243F9293BB23A00DBF1E6 /* BankingApp */ = {
			isa = PBXGroup;
			children = (
				B2B1D07E295E2C5D00572024 /* Extensions */,
				B24D8A522943EDC30065DB11 /* Services */,
				B2F24409293BB27200DBF1E6 /* ViewModels */,
				B2F2440A293BB27900DBF1E6 /* Models */,
				B2F243FA293BB23A00DBF1E6 /* BankingAppApp.swift */,
				B2F243FC293BB23A00DBF1E6 /* ContentView.swift */,
				B2F24408293BB26C00DBF1E6 /* Views */,
				B2F243FE293BB23B00DBF1E6 /* Assets.xcassets */,
				B2F24400293BB23B00DBF1E6 /* Preview Content */,
			);
			path = BankingApp;
			sourceTree = "<group>";
		};
		B2F24400293BB23B00DBF1E6 /* Preview Content */ = {
			isa = PBXGroup;
			children = (
				B2F24401293BB23B00DBF1E6 /* Preview Assets.xcassets */,
			);
			path = "Preview Content";
			sourceTree = "<group>";
		};
		B2F24408293BB26C00DBF1E6 /* Views */ = {
			isa = PBXGroup;
			children = (
				B2F2440B293BB2B200DBF1E6 /* MainView.swift */,
				B2F2440D293BB2C400DBF1E6 /* HomeView.swift */,
				B2F2440F293BB2D200DBF1E6 /* CompanyView.swift */,
				B2F24411293BB2DB00DBF1E6 /* MapView.swift */,
				B2F24413293BB2EC00DBF1E6 /* SettingsView.swift */,
				B2B1D0B1296D281D00572024 /* UserListView.swift */,
				B2B1D0A52964ECAE00572024 /* UserDetailView.swift */,
				B25BABB42977C32800B21021 /* EditUserView.swift */,
				B2F2441B2940FA2E00DBF1E6 /* LoginView.swift */,
				B2B1D0A72964F7F200572024 /* AddUserView.swift */,
			);
			path = Views;
			sourceTree = "<group>";
		};
		B2F24409293BB27200DBF1E6 /* ViewModels */ = {
			isa = PBXGroup;
			children = (
				B2F24415293FA92800DBF1E6 /* MapViewModel.swift */,
				B2F2441D2940FBA200DBF1E6 /* LoginViewModel.swift */,
				B24D8A572946660C0065DB11 /* AccountListViewModel.swift */,
			);
			path = ViewModels;
			sourceTree = "<group>";
		};
		B2F2440A293BB27900DBF1E6 /* Models */ = {
			isa = PBXGroup;
			children = (
				B24D8A552943FD7E0065DB11 /* Account.swift */,
				B2B1D07C295E2BDC00572024 /* LoginRequestBody.swift */,
				B2B1D087296370F500572024 /* LoginResponse.swift */,
				B2B1D083295E87A500572024 /* UserModel.swift */,
				B25BAC11298081D500B21021 /* UserType.swift */,
				B2B1D085295E87B200572024 /* User.swift */,
				B2B1D0A9296513FF00572024 /* CreateUserRequest.swift */,
			);
			path = Models;
			sourceTree = "<group>";
		};
/* End PBXGroup section */

/* Begin PBXNativeTarget section */
		B2F243F6293BB23A00DBF1E6 /* BankingApp */ = {
			isa = PBXNativeTarget;
			buildConfigurationList = B2F24405293BB23B00DBF1E6 /* Build configuration list for PBXNativeTarget "BankingApp" */;
			buildPhases = (
				B2F243F3293BB23A00DBF1E6 /* Sources */,
				B2F243F4293BB23A00DBF1E6 /* Frameworks */,
				B2F243F5293BB23A00DBF1E6 /* Resources */,
			);
			buildRules = (
			);
			dependencies = (
			);
			name = BankingApp;
			productName = BankingApp;
			productReference = B2F243F7293BB23A00DBF1E6 /* BankingApp.app */;
			productType = "com.apple.product-type.application";
		};
/* End PBXNativeTarget section */

/* Begin PBXProject section */
		B2F243EF293BB23A00DBF1E6 /* Project object */ = {
			isa = PBXProject;
			attributes = {
				BuildIndependentTargetsInParallel = 1;
				LastSwiftUpdateCheck = 1410;
				LastUpgradeCheck = 1410;
				TargetAttributes = {
					B2F243F6293BB23A00DBF1E6 = {
						CreatedOnToolsVersion = 14.1;
					};
				};
			};
			buildConfigurationList = B2F243F2293BB23A00DBF1E6 /* Build configuration list for PBXProject "BankingApp" */;
			compatibilityVersion = "Xcode 14.0";
			developmentRegion = en;
			hasScannedForEncodings = 0;
			knownRegions = (
				en,
				Base,
			);
			mainGroup = B2F243EE293BB23A00DBF1E6;
			productRefGroup = B2F243F8293BB23A00DBF1E6 /* Products */;
			projectDirPath = "";
			projectRoot = "";
			targets = (
				B2F243F6293BB23A00DBF1E6 /* BankingApp */,
			);
		};
/* End PBXProject section */

/* Begin PBXResourcesBuildPhase section */
		B2F243F5293BB23A00DBF1E6 /* Resources */ = {
			isa = PBXResourcesBuildPhase;
			buildActionMask = 2147483647;
			files = (
				B2F24402293BB23B00DBF1E6 /* Preview Assets.xcassets in Resources */,
				B2F243FF293BB23B00DBF1E6 /* Assets.xcassets in Resources */,
			);
			runOnlyForDeploymentPostprocessing = 0;
		};
/* End PBXResourcesBuildPhase section */

/* Begin PBXSourcesBuildPhase section */
		B2F243F3293BB23A00DBF1E6 /* Sources */ = {
			isa = PBXSourcesBuildPhase;
			buildActionMask = 2147483647;
			files = (
				B2F24414293BB2EC00DBF1E6 /* SettingsView.swift in Sources */,
				B25BABB52977C32800B21021 /* EditUserView.swift in Sources */,
				B25BAC12298081D600B21021 /* UserType.swift in Sources */,
				B2F243FD293BB23A00DBF1E6 /* ContentView.swift in Sources */,
				B2F24412293BB2DB00DBF1E6 /* MapView.swift in Sources */,
				B24D8A582946660C0065DB11 /* AccountListViewModel.swift in Sources */,
				B2F2441C2940FA2E00DBF1E6 /* LoginView.swift in Sources */,
				B2B1D07D295E2BDC00572024 /* LoginRequestBody.swift in Sources */,
				B2B1D088296370F500572024 /* LoginResponse.swift in Sources */,
				B24D8A542943EDD30065DB11 /* Webservice.swift in Sources */,
				B2B1D0A82964F7F200572024 /* AddUserView.swift in Sources */,
				B2B1D0A62964ECAE00572024 /* UserDetailView.swift in Sources */,
				B2B1D0B0296D181800572024 /* Date+Extensions.swift in Sources */,
				B2B1D080295E2C9C00572024 /* URL+Extensions.swift in Sources */,
				B2B1D084295E87A500572024 /* UserModel.swift in Sources */,
				B24D8A562943FD7E0065DB11 /* Account.swift in Sources */,
				B2F2440E293BB2C400DBF1E6 /* HomeView.swift in Sources */,
				B2B1D082295E303900572024 /* HTTPClient.swift in Sources */,
				B2F2440C293BB2B200DBF1E6 /* MainView.swift in Sources */,
				B2F24410293BB2D200DBF1E6 /* CompanyView.swift in Sources */,
				B2B1D086295E87B200572024 /* User.swift in Sources */,
				B2B1D0B2296D281D00572024 /* UserListView.swift in Sources */,
				B2B1D0AA296513FF00572024 /* CreateUserRequest.swift in Sources */,
				B2F243FB293BB23A00DBF1E6 /* BankingAppApp.swift in Sources */,
				B2F2441E2940FBA200DBF1E6 /* LoginViewModel.swift in Sources */,
				B2F24416293FA92800DBF1E6 /* MapViewModel.swift in Sources */,
			);
			runOnlyForDeploymentPostprocessing = 0;
		};
/* End PBXSourcesBuildPhase section */

/* Begin XCBuildConfiguration section */
		B2F24403293BB23B00DBF1E6 /* Debug */ = {
			isa = XCBuildConfiguration;
			buildSettings = {
				ALWAYS_SEARCH_USER_PATHS = NO;
				CLANG_ANALYZER_NONNULL = YES;
				CLANG_ANALYZER_NUMBER_OBJECT_CONVERSION = YES_AGGRESSIVE;
				CLANG_CXX_LANGUAGE_STANDARD = "gnu++20";
				CLANG_ENABLE_MODULES = YES;
				CLANG_ENABLE_OBJC_ARC = YES;
				CLANG_ENABLE_OBJC_WEAK = YES;
				CLANG_WARN_BLOCK_CAPTURE_AUTORELEASING = YES;
				CLANG_WARN_BOOL_CONVERSION = YES;
				CLANG_WARN_COMMA = YES;
				CLANG_WARN_CONSTANT_CONVERSION = YES;
				CLANG_WARN_DEPRECATED_OBJC_IMPLEMENTATIONS = YES;
				CLANG_WARN_DIRECT_OBJC_ISA_USAGE = YES_ERROR;
				CLANG_WARN_DOCUMENTATION_COMMENTS = YES;
				CLANG_WARN_EMPTY_BODY = YES;
				CLANG_WARN_ENUM_CONVERSION = YES;
				CLANG_WARN_INFINITE_RECURSION = YES;
				CLANG_WARN_INT_CONVERSION = YES;
				CLANG_WARN_NON_LITERAL_NULL_CONVERSION = YES;
				CLANG_WARN_OBJC_IMPLICIT_RETAIN_SELF = YES;
				CLANG_WARN_OBJC_LITERAL_CONVERSION = YES;
				CLANG_WARN_OBJC_ROOT_CLASS = YES_ERROR;
				CLANG_WARN_QUOTED_INCLUDE_IN_FRAMEWORK_HEADER = YES;
				CLANG_WARN_RANGE_LOOP_ANALYSIS = YES;
				CLANG_WARN_STRICT_PROTOTYPES = YES;
				CLANG_WARN_SUSPICIOUS_MOVE = YES;
				CLANG_WARN_UNGUARDED_AVAILABILITY = YES_AGGRESSIVE;
				CLANG_WARN_UNREACHABLE_CODE = YES;
				CLANG_WARN__DUPLICATE_METHOD_MATCH = YES;
				COPY_PHASE_STRIP = NO;
				DEBUG_INFORMATION_FORMAT = dwarf;
				ENABLE_STRICT_OBJC_MSGSEND = YES;
				ENABLE_TESTABILITY = YES;
				GCC_C_LANGUAGE_STANDARD = gnu11;
				GCC_DYNAMIC_NO_PIC = NO;
				GCC_NO_COMMON_BLOCKS = YES;
				GCC_OPTIMIZATION_LEVEL = 0;
				GCC_PREPROCESSOR_DEFINITIONS = (
					"DEBUG=1",
					"$(inherited)",
				);
				GCC_WARN_64_TO_32_BIT_CONVERSION = YES;
				GCC_WARN_ABOUT_RETURN_TYPE = YES_ERROR;
				GCC_WARN_UNDECLARED_SELECTOR = YES;
				GCC_WARN_UNINITIALIZED_AUTOS = YES_AGGRESSIVE;
				GCC_WARN_UNUSED_FUNCTION = YES;
				GCC_WARN_UNUSED_VARIABLE = YES;
				IPHONEOS_DEPLOYMENT_TARGET = 16.1;
				MTL_ENABLE_DEBUG_INFO = INCLUDE_SOURCE;
				MTL_FAST_MATH = YES;
				ONLY_ACTIVE_ARCH = YES;
				SDKROOT = iphoneos;
				SWIFT_ACTIVE_COMPILATION_CONDITIONS = DEBUG;
				SWIFT_OPTIMIZATION_LEVEL = "-Onone";
			};
			name = Debug;
		};
		B2F24404293BB23B00DBF1E6 /* Release */ = {
			isa = XCBuildConfiguration;
			buildSettings = {
				ALWAYS_SEARCH_USER_PATHS = NO;
				CLANG_ANALYZER_NONNULL = YES;
				CLANG_ANALYZER_NUMBER_OBJECT_CONVERSION = YES_AGGRESSIVE;
				CLANG_CXX_LANGUAGE_STANDARD = "gnu++20";
				CLANG_ENABLE_MODULES = YES;
				CLANG_ENABLE_OBJC_ARC = YES;
				CLANG_ENABLE_OBJC_WEAK = YES;
				CLANG_WARN_BLOCK_CAPTURE_AUTORELEASING = YES;
				CLANG_WARN_BOOL_CONVERSION = YES;
				CLANG_WARN_COMMA = YES;
				CLANG_WARN_CONSTANT_CONVERSION = YES;
				CLANG_WARN_DEPRECATED_OBJC_IMPLEMENTATIONS = YES;
				CLANG_WARN_DIRECT_OBJC_ISA_USAGE = YES_ERROR;
				CLANG_WARN_DOCUMENTATION_COMMENTS = YES;
				CLANG_WARN_EMPTY_BODY = YES;
				CLANG_WARN_ENUM_CONVERSION = YES;
				CLANG_WARN_INFINITE_RECURSION = YES;
				CLANG_WARN_INT_CONVERSION = YES;
				CLANG_WARN_NON_LITERAL_NULL_CONVERSION = YES;
				CLANG_WARN_OBJC_IMPLICIT_RETAIN_SELF = YES;
				CLANG_WARN_OBJC_LITERAL_CONVERSION = YES;
				CLANG_WARN_OBJC_ROOT_CLASS = YES_ERROR;
				CLANG_WARN_QUOTED_INCLUDE_IN_FRAMEWORK_HEADER = YES;
				CLANG_WARN_RANGE_LOOP_ANALYSIS = YES;
				CLANG_WARN_STRICT_PROTOTYPES = YES;
				CLANG_WARN_SUSPICIOUS_MOVE = YES;
				CLANG_WARN_UNGUARDED_AVAILABILITY = YES_AGGRESSIVE;
				CLANG_WARN_UNREACHABLE_CODE = YES;
				CLANG_WARN__DUPLICATE_METHOD_MATCH = YES;
				COPY_PHASE_STRIP = NO;
				DEBUG_INFORMATION_FORMAT = "dwarf-with-dsym";
				ENABLE_NS_ASSERTIONS = NO;
				ENABLE_STRICT_OBJC_MSGSEND = YES;
				GCC_C_LANGUAGE_STANDARD = gnu11;
				GCC_NO_COMMON_BLOCKS = YES;
				GCC_WARN_64_TO_32_BIT_CONVERSION = YES;
				GCC_WARN_ABOUT_RETURN_TYPE = YES_ERROR;
				GCC_WARN_UNDECLARED_SELECTOR = YES;
				GCC_WARN_UNINITIALIZED_AUTOS = YES_AGGRESSIVE;
				GCC_WARN_UNUSED_FUNCTION = YES;
				GCC_WARN_UNUSED_VARIABLE = YES;
				IPHONEOS_DEPLOYMENT_TARGET = 16.1;
				MTL_ENABLE_DEBUG_INFO = NO;
				MTL_FAST_MATH = YES;
				SDKROOT = iphoneos;
				SWIFT_COMPILATION_MODE = wholemodule;
				SWIFT_OPTIMIZATION_LEVEL = "-O";
				VALIDATE_PRODUCT = YES;
			};
			name = Release;
		};
		B2F24406293BB23B00DBF1E6 /* Debug */ = {
			isa = XCBuildConfiguration;
			buildSettings = {
				ASSETCATALOG_COMPILER_APPICON_NAME = AppIcon;
				ASSETCATALOG_COMPILER_GLOBAL_ACCENT_COLOR_NAME = AccentColor;
				CODE_SIGN_STYLE = Automatic;
				CURRENT_PROJECT_VERSION = 1;
				DEVELOPMENT_ASSET_PATHS = "\"BankingApp/Preview Content\"";
				DEVELOPMENT_TEAM = ZG485KHF8H;
				ENABLE_PREVIEWS = YES;
				GENERATE_INFOPLIST_FILE = YES;
				INFOPLIST_KEY_NSLocationWhenInUseUsageDescription = "This app needs your location to show it on the map.";
				INFOPLIST_KEY_UIApplicationSceneManifest_Generation = YES;
				INFOPLIST_KEY_UIApplicationSupportsIndirectInputEvents = YES;
				INFOPLIST_KEY_UILaunchScreen_Generation = YES;
				INFOPLIST_KEY_UISupportedInterfaceOrientations_iPad = "UIInterfaceOrientationPortrait UIInterfaceOrientationPortraitUpsideDown UIInterfaceOrientationLandscapeLeft UIInterfaceOrientationLandscapeRight";
				INFOPLIST_KEY_UISupportedInterfaceOrientations_iPhone = "UIInterfaceOrientationPortrait UIInterfaceOrientationLandscapeLeft UIInterfaceOrientationLandscapeRight";
				LD_RUNPATH_SEARCH_PATHS = (
					"$(inherited)",
					"@executable_path/Frameworks",
				);
				MARKETING_VERSION = 1.0;
				PRODUCT_BUNDLE_IDENTIFIER = "LVS-Technologies.BankingApp";
				PRODUCT_NAME = "$(TARGET_NAME)";
				SWIFT_EMIT_LOC_STRINGS = YES;
				SWIFT_VERSION = 5.0;
				TARGETED_DEVICE_FAMILY = "1,2";
			};
			name = Debug;
		};
		B2F24407293BB23B00DBF1E6 /* Release */ = {
			isa = XCBuildConfiguration;
			buildSettings = {
				ASSETCATALOG_COMPILER_APPICON_NAME = AppIcon;
				ASSETCATALOG_COMPILER_GLOBAL_ACCENT_COLOR_NAME = AccentColor;
				CODE_SIGN_STYLE = Automatic;
				CURRENT_PROJECT_VERSION = 1;
				DEVELOPMENT_ASSET_PATHS = "\"BankingApp/Preview Content\"";
				DEVELOPMENT_TEAM = ZG485KHF8H;
				ENABLE_PREVIEWS = YES;
				GENERATE_INFOPLIST_FILE = YES;
				INFOPLIST_KEY_NSLocationWhenInUseUsageDescription = "This app needs your location to show it on the map.";
				INFOPLIST_KEY_UIApplicationSceneManifest_Generation = YES;
				INFOPLIST_KEY_UIApplicationSupportsIndirectInputEvents = YES;
				INFOPLIST_KEY_UILaunchScreen_Generation = YES;
				INFOPLIST_KEY_UISupportedInterfaceOrientations_iPad = "UIInterfaceOrientationPortrait UIInterfaceOrientationPortraitUpsideDown UIInterfaceOrientationLandscapeLeft UIInterfaceOrientationLandscapeRight";
				INFOPLIST_KEY_UISupportedInterfaceOrientations_iPhone = "UIInterfaceOrientationPortrait UIInterfaceOrientationLandscapeLeft UIInterfaceOrientationLandscapeRight";
				LD_RUNPATH_SEARCH_PATHS = (
					"$(inherited)",
					"@executable_path/Frameworks",
				);
				MARKETING_VERSION = 1.0;
				PRODUCT_BUNDLE_IDENTIFIER = "LVS-Technologies.BankingApp";
				PRODUCT_NAME = "$(TARGET_NAME)";
				SWIFT_EMIT_LOC_STRINGS = YES;
				SWIFT_VERSION = 5.0;
				TARGETED_DEVICE_FAMILY = "1,2";
			};
			name = Release;
		};
/* End XCBuildConfiguration section */

/* Begin XCConfigurationList section */
		B2F243F2293BB23A00DBF1E6 /* Build configuration list for PBXProject "BankingApp" */ = {
			isa = XCConfigurationList;
			buildConfigurations = (
				B2F24403293BB23B00DBF1E6 /* Debug */,
				B2F24404293BB23B00DBF1E6 /* Release */,
			);
			defaultConfigurationIsVisible = 0;
			defaultConfigurationName = Release;
		};
		B2F24405293BB23B00DBF1E6 /* Build configuration list for PBXNativeTarget "BankingApp" */ = {
			isa = XCConfigurationList;
			buildConfigurations = (
				B2F24406293BB23B00DBF1E6 /* Debug */,
				B2F24407293BB23B00DBF1E6 /* Release */,
			);
			defaultConfigurationIsVisible = 0;
			defaultConfigurationName = Release;
		};
/* End XCConfigurationList section */
	};
	rootObject = B2F243EF293BB23A00DBF1E6 /* Project object */;
}
